# THIS IS AN AUTOGENERATED FILE. DO NOT EDIT THIS FILE DIRECTLY.
# yarn lockfile v1


after-all-results@^2.0.0:
  version "2.0.0"
  resolved "https://registry.yarnpkg.com/after-all-results/-/after-all-results-2.0.0.tgz#6ac2fc202b500f88da8f4f5530cfa100f4c6a2d0"

ansi-styles@^2.2.1:
  version "2.2.1"
  resolved "https://registry.yarnpkg.com/ansi-styles/-/ansi-styles-2.2.1.tgz#b432dd3358b634cf75e1e4664368240533c1ddbe"

git-state@^3.1.0:
  version "3.1.0"
  resolved "https://registry.yarnpkg.com/git-state/-/git-state-3.1.0.tgz#89a8b60b98ffc94028a921f49c0da8e5869b1316"
  dependencies:
    after-all-results "^2.0.0"
